// !$*UTF8*$!
{
	archiveVersion = 1;
	classes = {
	};
	objectVersion = 56;
	objects = {

/* Begin PBXBuildFile section */
		69DB0B672B77B2D400A9A366 /* AppDelegate.swift in Sources */ = {isa = PBXBuildFile; fileRef = 69DB0B662B77B2D400A9A366 /* AppDelegate.swift */; };
		69DB0B692B77B2D400A9A366 /* SceneDelegate.swift in Sources */ = {isa = PBXBuildFile; fileRef = 69DB0B682B77B2D400A9A366 /* SceneDelegate.swift */; };
		69DB0B6B2B77B2D400A9A366 /* ViewController.swift in Sources */ = {isa = PBXBuildFile; fileRef = 69DB0B6A2B77B2D400A9A366 /* ViewController.swift */; };
		69DB0B6E2B77B2D400A9A366 /* Main.storyboard in Resources */ = {isa = PBXBuildFile; fileRef = 69DB0B6C2B77B2D400A9A366 /* Main.storyboard */; };
		69DB0B702B77B2D500A9A366 /* Assets.xcassets in Resources */ = {isa = PBXBuildFile; fileRef = 69DB0B6F2B77B2D500A9A366 /* Assets.xcassets */; };
		69DB0B732B77B2D500A9A366 /* LaunchScreen.storyboard in Resources */ = {isa = PBXBuildFile; fileRef = 69DB0B712B77B2D500A9A366 /* LaunchScreen.storyboard */; };
		69DB0B7B2B77B34800A9A366 /* TableViewController.swift in Sources */ = {isa = PBXBuildFile; fileRef = 69DB0B7A2B77B34800A9A366 /* TableViewController.swift */; };
		69DB0B7D2B77B3F500A9A366 /* Joke.swift in Sources */ = {isa = PBXBuildFile; fileRef = 69DB0B7C2B77B3F500A9A366 /* Joke.swift */; };
		C2AD54D8E78A7702C9B4FABF /* Pods_JokesApp.framework in Frameworks */ = {isa = PBXBuildFile; fileRef = 8AABF1AA85B4F65D9A9BAC22 /* Pods_JokesApp.framework */; };
/* End PBXBuildFile section */

/* Begin PBXFileReference section */
		69DB0B632B77B2D400A9A366 /* JokesApp.app */ = {isa = PBXFileReference; explicitFileType = wrapper.application; includeInIndex = 0; path = JokesApp.app; sourceTree = BUILT_PRODUCTS_DIR; };
		69DB0B662B77B2D400A9A366 /* AppDelegate.swift */ = {isa = PBXFileReference; lastKnownFileType = sourcecode.swift; path = AppDelegate.swift; sourceTree = "<group>"; };
		69DB0B682B77B2D400A9A366 /* SceneDelegate.swift */ = {isa = PBXFileReference; lastKnownFileType = sourcecode.swift; path = SceneDelegate.swift; sourceTree = "<group>"; };
		69DB0B6A2B77B2D400A9A366 /* ViewController.swift */ = {isa = PBXFileReference; lastKnownFileType = sourcecode.swift; path = ViewController.swift; sourceTree = "<group>"; };
		69DB0B6D2B77B2D400A9A366 /* Base */ = {isa = PBXFileReference; lastKnownFileType = file.storyboard; name = Base; path = Base.lproj/Main.storyboard; sourceTree = "<group>"; };
		69DB0B6F2B77B2D500A9A366 /* Assets.xcassets */ = {isa = PBXFileReference; lastKnownFileType = folder.assetcatalog; path = Assets.xcassets; sourceTree = "<group>"; };
		69DB0B722B77B2D500A9A366 /* Base */ = {isa = PBXFileReference; lastKnownFileType = file.storyboard; name = Base; path = Base.lproj/LaunchScreen.storyboard; sourceTree = "<group>"; };
		69DB0B742B77B2D500A9A366 /* Info.plist */ = {isa = PBXFileReference; lastKnownFileType = text.plist.xml; path = Info.plist; sourceTree = "<group>"; };
		69DB0B7A2B77B34800A9A366 /* TableViewController.swift */ = {isa = PBXFileReference; lastKnownFileType = sourcecode.swift; path = TableViewController.swift; sourceTree = "<group>"; };
		69DB0B7C2B77B3F500A9A366 /* Joke.swift */ = {isa = PBXFileReference; lastKnownFileType = sourcecode.swift; path = Joke.swift; sourceTree = "<group>"; };
		8AABF1AA85B4F65D9A9BAC22 /* Pods_JokesApp.framework */ = {isa = PBXFileReference; explicitFileType = wrapper.framework; includeInIndex = 0; path = Pods_JokesApp.framework; sourceTree = BUILT_PRODUCTS_DIR; };
		B1F687A215535C2EA42C67DA /* Pods-JokesApp.debug.xcconfig */ = {isa = PBXFileReference; includeInIndex = 1; lastKnownFileType = text.xcconfig; name = "Pods-JokesApp.debug.xcconfig"; path = "Target Support Files/Pods-JokesApp/Pods-JokesApp.debug.xcconfig"; sourceTree = "<group>"; };
		F12ADFDB5A603D1FF94C4279 /* Pods-JokesApp.release.xcconfig */ = {isa = PBXFileReference; includeInIndex = 1; lastKnownFileType = text.xcconfig; name = "Pods-JokesApp.release.xcconfig"; path = "Target Support Files/Pods-JokesApp/Pods-JokesApp.release.xcconfig"; sourceTree = "<group>"; };
/* End PBXFileReference section */

/* Begin PBXFrameworksBuildPhase section */
		69DB0B602B77B2D400A9A366 /* Frameworks */ = {
			isa = PBXFrameworksBuildPhase;
			buildActionMask = 2147483647;
			files = (
				C2AD54D8E78A7702C9B4FABF /* Pods_JokesApp.framework in Frameworks */,
			);
			runOnlyForDeploymentPostprocessing = 0;
		};
/* End PBXFrameworksBuildPhase section */

/* Begin PBXGroup section */
		0575CA9E97CD9945B5EDCCAE /* Pods */ = {
			isa = PBXGroup;
			children = (
				B1F687A215535C2EA42C67DA /* Pods-JokesApp.debug.xcconfig */,
				F12ADFDB5A603D1FF94C4279 /* Pods-JokesApp.release.xcconfig */,
			);
			path = Pods;
			sourceTree = "<group>";
		};
		69DB0B5A2B77B2D400A9A366 = {
			isa = PBXGroup;
			children = (
				69DB0B652B77B2D400A9A366 /* JokesApp */,
				69DB0B642B77B2D400A9A366 /* Products */,
				0575CA9E97CD9945B5EDCCAE /* Pods */,
				D2313E533C752D69E408199C /* Frameworks */,
			);
			sourceTree = "<group>";
		};
		69DB0B642B77B2D400A9A366 /* Products */ = {
			isa = PBXGroup;
			children = (
				69DB0B632B77B2D400A9A366 /* JokesApp.app */,
			);
			name = Products;
			sourceTree = "<group>";
		};
		69DB0B652B77B2D400A9A366 /* JokesApp */ = {
			isa = PBXGroup;
			children = (
				69DB0B662B77B2D400A9A366 /* AppDelegate.swift */,
				69DB0B682B77B2D400A9A366 /* SceneDelegate.swift */,
				69DB0B6A2B77B2D400A9A366 /* ViewController.swift */,
				69DB0B7A2B77B34800A9A366 /* TableViewController.swift */,
				69DB0B7C2B77B3F500A9A366 /* Joke.swift */,
				69DB0B6C2B77B2D400A9A366 /* Main.storyboard */,
				69DB0B6F2B77B2D500A9A366 /* Assets.xcassets */,
				69DB0B712B77B2D500A9A366 /* LaunchScreen.storyboard */,
				69DB0B742B77B2D500A9A366 /* Info.plist */,
			);
			path = JokesApp;
			sourceTree = "<group>";
		};
		D2313E533C752D69E408199C /* Frameworks */ = {
			isa = PBXGroup;
			children = (
				8AABF1AA85B4F65D9A9BAC22 /* Pods_JokesApp.framework */,
			);
			name = Frameworks;
			sourceTree = "<group>";
		};
/* End PBXGroup section */

/* Begin PBXNativeTarget section */
		69DB0B622B77B2D400A9A366 /* JokesApp */ = {
			isa = PBXNativeTarget;
			buildConfigurationList = 69DB0B772B77B2D500A9A366 /* Build configuration list for PBXNativeTarget "JokesApp" */;
			buildPhases = (
				7EB9CBBE4FEF0939C5CAE978 /* [CP] Check Pods Manifest.lock */,
				69DB0B5F2B77B2D400A9A366 /* Sources */,
				69DB0B602B77B2D400A9A366 /* Frameworks */,
				69DB0B612B77B2D400A9A366 /* Resources */,
				3DFF7ECFE9D6C065188BE9A4 /* [CP] Embed Pods Frameworks */,
			);
			buildRules = (
			);
			dependencies = (
			);
			name = JokesApp;
			productName = JokesApp;
			productReference = 69DB0B632B77B2D400A9A366 /* JokesApp.app */;
			productType = "com.apple.product-type.application";
		};
/* End PBXNativeTarget section */

/* Begin PBXProject section */
		69DB0B5B2B77B2D400A9A366 /* Project object */ = {
			isa = PBXProject;
			attributes = {
				BuildIndependentTargetsInParallel = 1;
				LastSwiftUpdateCheck = 1510;
				LastUpgradeCheck = 1510;
				TargetAttributes = {
					69DB0B622B77B2D400A9A366 = {
						CreatedOnToolsVersion = 15.1;
					};
				};
			};
			buildConfigurationList = 69DB0B5E2B77B2D400A9A366 /* Build configuration list for PBXProject "JokesApp" */;
			compatibilityVersion = "Xcode 14.0";
			developmentRegion = en;
			hasScannedForEncodings = 0;
			knownRegions = (
				en,
				Base,
			);
			mainGroup = 69DB0B5A2B77B2D400A9A366;
			productRefGroup = 69DB0B642B77B2D400A9A366 /* Products */;
			projectDirPath = "";
			projectRoot = "";
			targets = (
				69DB0B622B77B2D400A9A366 /* JokesApp */,
			);
		};
/* End PBXProject section */

/* Begin PBXResourcesBuildPhase section */
		69DB0B612B77B2D400A9A366 /* Resources */ = {
			isa = PBXResourcesBuildPhase;
			buildActionMask = 2147483647;
			files = (
				69DB0B732B77B2D500A9A366 /* LaunchScreen.storyboard in Resources */,
				69DB0B702B77B2D500A9A366 /* Assets.xcassets in Resources */,
				69DB0B6E2B77B2D400A9A366 /* Main.storyboard in Resources */,
			);
			runOnlyForDeploymentPostprocessing = 0;
		};
/* End PBXResourcesBuildPhase section */

/* Begin PBXShellScriptBuildPhase section */
		3DFF7ECFE9D6C065188BE9A4 /* [CP] Embed Pods Frameworks */ = {
			isa = PBXShellScriptBuildPhase;
			buildActionMask = 2147483647;
			files = (
			);
			inputFileListPaths = (
				"${PODS_ROOT}/Target Support Files/Pods-JokesApp/Pods-JokesApp-frameworks-${CONFIGURATION}-input-files.xcfilelist",
			);
			name = "[CP] Embed Pods Frameworks";
			outputFileListPaths = (
				"${PODS_ROOT}/Target Support Files/Pods-JokesApp/Pods-JokesApp-frameworks-${CONFIGURATION}-output-files.xcfilelist",
			);
			runOnlyForDeploymentPostprocessing = 0;
			shellPath = /bin/sh;
			shellScript = "\"${PODS_ROOT}/Target Support Files/Pods-JokesApp/Pods-JokesApp-frameworks.sh\"\n";
			showEnvVarsInLog = 0;
		};
		7EB9CBBE4FEF0939C5CAE978 /* [CP] Check Pods Manifest.lock */ = {
			isa = PBXShellScriptBuildPhase;
			buildActionMask = 2147483647;
			files = (
			);
			inputFileListPaths = (
			);
			inputPaths = (
				"${PODS_PODFILE_DIR_PATH}/Podfile.lock",
				"${PODS_ROOT}/Manifest.lock",
			);
			name = "[CP] Check Pods Manifest.lock";
			outputFileListPaths = (
			);
			outputPaths = (
				"$(DERIVED_FILE_DIR)/Pods-JokesApp-checkManifestLockResult.txt",
			);
			runOnlyForDeploymentPostprocessing = 0;
			shellPath = /bin/sh;
			shellScript = "diff \"${PODS_PODFILE_DIR_PATH}/Podfile.lock\" \"${PODS_ROOT}/Manifest.lock\" > /dev/null\nif [ $? != 0 ] ; then\n    # print error to STDERR\n    echo \"error: The sandbox is not in sync with the Podfile.lock. Run 'pod install' or update your CocoaPods installation.\" >&2\n    exit 1\nfi\n# This output is used by Xcode 'outputs' to avoid re-running this script phase.\necho \"SUCCESS\" > \"${SCRIPT_OUTPUT_FILE_0}\"\n";
			showEnvVarsInLog = 0;
		};
/* End PBXShellScriptBuildPhase section */

/* Begin PBXSourcesBuildPhase section */
		69DB0B5F2B77B2D400A9A366 /* Sources */ = {
			isa = PBXSourcesBuildPhase;
			buildActionMask = 2147483647;
			files = (
				69DB0B6B2B77B2D400A9A366 /* ViewController.swift in Sources */,
				69DB0B7D2B77B3F500A9A366 /* Joke.swift in Sources */,
				69DB0B672B77B2D400A9A366 /* AppDelegate.swift in Sources */,
				69DB0B692B77B2D400A9A366 /* SceneDelegate.swift in Sources */,
				69DB0B7B2B77B34800A9A366 /* TableViewController.swift in Sources */,
			);
			runOnlyForDeploymentPostprocessing = 0;
		};
/* End PBXSourcesBuildPhase section */

/* Begin PBXVariantGroup section */
		69DB0B6C2B77B2D400A9A366 /* Main.storyboard */ = {
			isa = PBXVariantGroup;
			children = (
				69DB0B6D2B77B2D400A9A366 /* Base */,
			);
			name = Main.storyboard;
			sourceTree = "<group>";
		};
		69DB0B712B77B2D500A9A366 /* LaunchScreen.storyboard */ = {
			isa = PBXVariantGroup;
			children = (
				69DB0B722B77B2D500A9A366 /* Base */,
			);
			name = LaunchScreen.storyboard;
			sourceTree = "<group>";
		};
/* End PBXVariantGroup section */

/* Begin XCBuildConfiguration section */
		69DB0B752B77B2D500A9A366 /* Debug */ = {
			isa = XCBuildConfiguration;
			buildSettings = {
				ALWAYS_SEARCH_USER_PATHS = NO;
				ASSETCATALOG_COMPILER_GENERATE_SWIFT_ASSET_SYMBOL_EXTENSIONS = YES;
				CLANG_ANALYZER_NONNULL = YES;
				CLANG_ANALYZER_NUMBER_OBJECT_CONVERSION = YES_AGGRESSIVE;
				CLANG_CXX_LANGUAGE_STANDARD = "gnu++20";
				CLANG_ENABLE_MODULES = YES;
				CLANG_ENABLE_OBJC_ARC = YES;
				CLANG_ENABLE_OBJC_WEAK = YES;
				CLANG_WARN_BLOCK_CAPTURE_AUTORELEASING = YES;
				CLANG_WARN_BOOL_CONVERSION = YES;
				CLANG_WARN_COMMA = YES;
				CLANG_WARN_CONSTANT_CONVERSION = YES;
				CLANG_WARN_DEPRECATED_OBJC_IMPLEMENTATIONS = YES;
				CLANG_WARN_DIRECT_OBJC_ISA_USAGE = YES_ERROR;
				CLANG_WARN_DOCUMENTATION_COMMENTS = YES;
				CLANG_WARN_EMPTY_BODY = YES;
				CLANG_WARN_ENUM_CONVERSION = YES;
				CLANG_WARN_INFINITE_RECURSION = YES;
				CLANG_WARN_INT_CONVERSION = YES;
				CLANG_WARN_NON_LITERAL_NULL_CONVERSION = YES;
				CLANG_WARN_OBJC_IMPLICIT_RETAIN_SELF = YES;
				CLANG_WARN_OBJC_LITERAL_CONVERSION = YES;
				CLANG_WARN_OBJC_ROOT_CLASS = YES_ERROR;
				CLANG_WARN_QUOTED_INCLUDE_IN_FRAMEWORK_HEADER = YES;
				CLANG_WARN_RANGE_LOOP_ANALYSIS = YES;
				CLANG_WARN_STRICT_PROTOTYPES = YES;
				CLANG_WARN_SUSPICIOUS_MOVE = YES;
				CLANG_WARN_UNGUARDED_AVAILABILITY = YES_AGGRESSIVE;
				CLANG_WARN_UNREACHABLE_CODE = YES;
				CLANG_WARN__DUPLICATE_METHOD_MATCH = YES;
				COPY_PHASE_STRIP = NO;
				DEBUG_INFORMATION_FORMAT = dwarf;
				ENABLE_STRICT_OBJC_MSGSEND = YES;
				ENABLE_TESTABILITY = YES;
				ENABLE_USER_SCRIPT_SANDBOXING = YES;
				GCC_C_LANGUAGE_STANDARD = gnu17;
				GCC_DYNAMIC_NO_PIC = NO;
				GCC_NO_COMMON_BLOCKS = YES;
				GCC_OPTIMIZATION_LEVEL = 0;
				GCC_PREPROCESSOR_DEFINITIONS = (
					"DEBUG=1",
					"$(inherited)",
				);
				GCC_WARN_64_TO_32_BIT_CONVERSION = YES;
				GCC_WARN_ABOUT_RETURN_TYPE = YES_ERROR;
				GCC_WARN_UNDECLARED_SELECTOR = YES;
				GCC_WARN_UNINITIALIZED_AUTOS = YES_AGGRESSIVE;
				GCC_WARN_UNUSED_FUNCTION = YES;
				GCC_WARN_UNUSED_VARIABLE = YES;
				IPHONEOS_DEPLOYMENT_TARGET = 17.2;
				LOCALIZATION_PREFERS_STRING_CATALOGS = YES;
				MTL_ENABLE_DEBUG_INFO = INCLUDE_SOURCE;
				MTL_FAST_MATH = YES;
				ONLY_ACTIVE_ARCH = YES;
				SDKROOT = iphoneos;
				SWIFT_ACTIVE_COMPILATION_CONDITIONS = "DEBUG $(inherited)";
				SWIFT_OPTIMIZATION_LEVEL = "-Onone";
			};
			name = Debug;
		};
		69DB0B762B77B2D500A9A366 /* Release */ = {
			isa = XCBuildConfiguration;
			buildSettings = {
				ALWAYS_SEARCH_USER_PATHS = NO;
				ASSETCATALOG_COMPILER_GENERATE_SWIFT_ASSET_SYMBOL_EXTENSIONS = YES;
				CLANG_ANALYZER_NONNULL = YES;
				CLANG_ANALYZER_NUMBER_OBJECT_CONVERSION = YES_AGGRESSIVE;
				CLANG_CXX_LANGUAGE_STANDARD = "gnu++20";
				CLANG_ENABLE_MODULES = YES;
				CLANG_ENABLE_OBJC_ARC = YES;
				CLANG_ENABLE_OBJC_WEAK = YES;
				CLANG_WARN_BLOCK_CAPTURE_AUTORELEASING = YES;
				CLANG_WARN_BOOL_CONVERSION = YES;
				CLANG_WARN_COMMA = YES;
				CLANG_WARN_CONSTANT_CONVERSION = YES;
				CLANG_WARN_DEPRECATED_OBJC_IMPLEMENTATIONS = YES;
				CLANG_WARN_DIRECT_OBJC_ISA_USAGE = YES_ERROR;
				CLANG_WARN_DOCUMENTATION_COMMENTS = YES;
				CLANG_WARN_EMPTY_BODY = YES;
				CLANG_WARN_ENUM_CONVERSION = YES;
				CLANG_WARN_INFINITE_RECURSION = YES;
				CLANG_WARN_INT_CONVERSION = YES;
				CLANG_WARN_NON_LITERAL_NULL_CONVERSION = YES;
				CLANG_WARN_OBJC_IMPLICIT_RETAIN_SELF = YES;
				CLANG_WARN_OBJC_LITERAL_CONVERSION = YES;
				CLANG_WARN_OBJC_ROOT_CLASS = YES_ERROR;
				CLANG_WARN_QUOTED_INCLUDE_IN_FRAMEWORK_HEADER = YES;
				CLANG_WARN_RANGE_LOOP_ANALYSIS = YES;
				CLANG_WARN_STRICT_PROTOTYPES = YES;
				CLANG_WARN_SUSPICIOUS_MOVE = YES;
				CLANG_WARN_UNGUARDED_AVAILABILITY = YES_AGGRESSIVE;
				CLANG_WARN_UNREACHABLE_CODE = YES;
				CLANG_WARN__DUPLICATE_METHOD_MATCH = YES;
				COPY_PHASE_STRIP = NO;
				DEBUG_INFORMATION_FORMAT = "dwarf-with-dsym";
				ENABLE_NS_ASSERTIONS = NO;
				ENABLE_STRICT_OBJC_MSGSEND = YES;
				ENABLE_USER_SCRIPT_SANDBOXING = YES;
				GCC_C_LANGUAGE_STANDARD = gnu17;
				GCC_NO_COMMON_BLOCKS = YES;
				GCC_WARN_64_TO_32_BIT_CONVERSION = YES;
				GCC_WARN_ABOUT_RETURN_TYPE = YES_ERROR;
				GCC_WARN_UNDECLARED_SELECTOR = YES;
				GCC_WARN_UNINITIALIZED_AUTOS = YES_AGGRESSIVE;
				GCC_WARN_UNUSED_FUNCTION = YES;
				GCC_WARN_UNUSED_VARIABLE = YES;
				IPHONEOS_DEPLOYMENT_TARGET = 17.2;
				LOCALIZATION_PREFERS_STRING_CATALOGS = YES;
				MTL_ENABLE_DEBUG_INFO = NO;
				MTL_FAST_MATH = YES;
				SDKROOT = iphoneos;
				SWIFT_COMPILATION_MODE = wholemodule;
				VALIDATE_PRODUCT = YES;
			};
			name = Release;
		};
		69DB0B782B77B2D500A9A366 /* Debug */ = {
			isa = XCBuildConfiguration;
			baseConfigurationReference = B1F687A215535C2EA42C67DA /* Pods-JokesApp.debug.xcconfig */;
			buildSettings = {
				ASSETCATALOG_COMPILER_APPICON_NAME = AppIcon;
				ASSETCATALOG_COMPILER_GLOBAL_ACCENT_COLOR_NAME = AccentColor;
				CODE_SIGN_STYLE = Automatic;
				CURRENT_PROJECT_VERSION = 1;
				ENABLE_USER_SCRIPT_SANDBOXING = NO;
				GENERATE_INFOPLIST_FILE = YES;
				INFOPLIST_FILE = JokesApp/Info.plist;
				INFOPLIST_KEY_UIApplicationSupportsIndirectInputEvents = YES;
				INFOPLIST_KEY_UILaunchStoryboardName = LaunchScreen;
				INFOPLIST_KEY_UIMainStoryboardFile = Main;
				INFOPLIST_KEY_UISupportedInterfaceOrientations_iPad = "UIInterfaceOrientationPortrait UIInterfaceOrientationPortraitUpsideDown UIInterfaceOrientationLandscapeLeft UIInterfaceOrientationLandscapeRight";
				INFOPLIST_KEY_UISupportedInterfaceOrientations_iPhone = "UIInterfaceOrientationPortrait UIInterfaceOrientationLandscapeLeft UIInterfaceOrientationLandscapeRight";
				LD_RUNPATH_SEARCH_PATHS = (
					"$(inherited)",
					"@executable_path/Frameworks",
				);
				MARKETING_VERSION = 1.0;
				PRODUCT_BUNDLE_IDENTIFIER = kz.mobydev.JokesApp;
				PRODUCT_NAME = "$(TARGET_NAME)";
				SWIFT_EMIT_LOC_STRINGS = YES;
				SWIFT_VERSION = 5.0;
				TARGETED_DEVICE_FAMILY = "1,2";
			};
			name = Debug;
		};
		69DB0B792B77B2D500A9A366 /* Release */ = {
			isa = XCBuildConfiguration;
			baseConfigurationReference = F12ADFDB5A603D1FF94C4279 /* Pods-JokesApp.release.xcconfig */;
			buildSettings = {
				ASSETCATALOG_COMPILER_APPICON_NAME = AppIcon;
				ASSETCATALOG_COMPILER_GLOBAL_ACCENT_COLOR_NAME = AccentColor;
				CODE_SIGN_STYLE = Automatic;
				CURRENT_PROJECT_VERSION = 1;
				ENABLE_USER_SCRIPT_SANDBOXING = NO;
				GENERATE_INFOPLIST_FILE = YES;
				INFOPLIST_FILE = JokesApp/Info.plist;
				INFOPLIST_KEY_UIApplicationSupportsIndirectInputEvents = YES;
				INFOPLIST_KEY_UILaunchStoryboardName = LaunchScreen;
				INFOPLIST_KEY_UIMainStoryboardFile = Main;
				INFOPLIST_KEY_UISupportedInterfaceOrientations_iPad = "UIInterfaceOrientationPortrait UIInterfaceOrientationPortraitUpsideDown UIInterfaceOrientationLandscapeLeft UIInterfaceOrientationLandscapeRight";
				INFOPLIST_KEY_UISupportedInterfaceOrientations_iPhone = "UIInterfaceOrientationPortrait UIInterfaceOrientationLandscapeLeft UIInterfaceOrientationLandscapeRight";
				LD_RUNPATH_SEARCH_PATHS = (
					"$(inherited)",
					"@executable_path/Frameworks",
				);
				MARKETING_VERSION = 1.0;
				PRODUCT_BUNDLE_IDENTIFIER = kz.mobydev.JokesApp;
				PRODUCT_NAME = "$(TARGET_NAME)";
				SWIFT_EMIT_LOC_STRINGS = YES;
				SWIFT_VERSION = 5.0;
				TARGETED_DEVICE_FAMILY = "1,2";
			};
			name = Release;
		};
/* End XCBuildConfiguration section */

/* Begin XCConfigurationList section */
		69DB0B5E2B77B2D400A9A366 /* Build configuration list for PBXProject "JokesApp" */ = {
			isa = XCConfigurationList;
			buildConfigurations = (
				69DB0B752B77B2D500A9A366 /* Debug */,
				69DB0B762B77B2D500A9A366 /* Release */,
			);
			defaultConfigurationIsVisible = 0;
			defaultConfigurationName = Release;
		};
		69DB0B772B77B2D500A9A366 /* Build configuration list for PBXNativeTarget "JokesApp" */ = {
			isa = XCConfigurationList;
			buildConfigurations = (
				69DB0B782B77B2D500A9A366 /* Debug */,
				69DB0B792B77B2D500A9A366 /* Release */,
			);
			defaultConfigurationIsVisible = 0;
			defaultConfigurationName = Release;
		};
/* End XCConfigurationList section */
	};
	rootObject = 69DB0B5B2B77B2D400A9A366 /* Project object */;
}
